
Microsoft Visual Studio Solution File, Format Version 12.00
# Visual Studio 15
VisualStudioVersion = 15.0.28307.421
MinimumVisualStudioVersion = 10.0.40219.1
Project("{FAE04EC0-301F-11D3-BF4B-00C04F79EFBC}") = "Hackathon", "Hackathon\Hackathon.csproj", "{8C0B4C0A-132F-4C86-B732-18FEBFF3525B}"
EndProject
Project("{FAE04EC0-301F-11D3-BF4B-00C04F79EFBC}") = "HackathonAPI", "HackathonAPI\HackathonAPI.csproj", "{8DC84E36-CDBC-4420-B9A2-AE86D10513F9}"
EndProject
Global
	GlobalSection(SolutionConfigurationPlatforms) = preSolution
		Debug|Any CPU = Debug|Any CPU
		Release|Any CPU = Release|Any CPU
	EndGlobalSection
	GlobalSection(ProjectConfigurationPlatforms) = postSolution
		{8C0B4C0A-132F-4C86-B732-18FEBFF3525B}.Debug|Any CPU.ActiveCfg = Debug|Any CPU
		{8C0B4C0A-132F-4C86-B732-18FEBFF3525B}.Debug|Any CPU.Build.0 = Debug|Any CPU
		{8C0B4C0A-132F-4C86-B732-18FEBFF3525B}.Release|Any CPU.ActiveCfg = Release|Any CPU
		{8C0B4C0A-132F-4C86-B732-18FEBFF3525B}.Release|Any CPU.Build.0 = Release|Any CPU
		{8DC84E36-CDBC-4420-B9A2-AE86D10513F9}.Debug|Any CPU.ActiveCfg = Debug|Any CPU
		{8DC84E36-CDBC-4420-B9A2-AE86D10513F9}.Debug|Any CPU.Build.0 = Debug|Any CPU
		{8DC84E36-CDBC-4420-B9A2-AE86D10513F9}.Release|Any CPU.ActiveCfg = Release|Any CPU
		{8DC84E36-CDBC-4420-B9A2-AE86D10513F9}.Release|Any CPU.Build.0 = Release|Any CPU
	EndGlobalSection
	GlobalSection(SolutionProperties) = preSolution
		HideSolutionNode = FALSE
	EndGlobalSection
	GlobalSection(ExtensibilityGlobals) = postSolution
		SolutionGuid = {98997584-ACBD-48FC-B77D-452791E7F22F}
	EndGlobalSection
EndGlobal
